{
    "_readme": [
        "This file locks the dependencies of your project to a known state",
        "Read more about it at https://getcomposer.org/doc/01-basic-usage.md#composer-lock-the-lock-file",
        "This file is @generated automatically"
    ],
    "content-hash": "269fd2424a3c85cb6f4b150777c27a4a",
    "packages": [
        {
            "name": "composer/installers",
            "version": "v1.2.0",
            "source": {
                "type": "git",
                "url": "https://github.com/composer/installers.git",
                "reference": "d78064c68299743e0161004f2de3a0204e33b804"
            },
            "dist": {
                "type": "zip",
                "url": "https://api.github.com/repos/composer/installers/zipball/d78064c68299743e0161004f2de3a0204e33b804",
                "reference": "d78064c68299743e0161004f2de3a0204e33b804",
                "shasum": ""
            },
            "require": {
                "composer-plugin-api": "^1.0"
            },
            "replace": {
                "roundcube/plugin-installer": "*",
                "shama/baton": "*"
            },
            "require-dev": {
                "composer/composer": "1.0.*@dev",
                "phpunit/phpunit": "4.1.*"
            },
            "type": "composer-plugin",
            "extra": {
                "class": "Composer\\Installers\\Plugin",
                "branch-alias": {
                    "dev-master": "1.0-dev"
                }
            },
            "autoload": {
                "psr-4": {
                    "Composer\\Installers\\": "src/Composer/Installers"
                }
            },
            "notification-url": "https://packagist.org/downloads/",
            "license": [
                "MIT"
            ],
            "authors": [
                {
                    "name": "Kyle Robinson Young",
                    "email": "kyle@dontkry.com",
                    "homepage": "https://github.com/shama"
                }
            ],
            "description": "A multi-framework Composer library installer",
            "homepage": "https://composer.github.io/installers/",
            "keywords": [
                "Craft",
                "Dolibarr",
                "Hurad",
                "ImageCMS",
                "MODX Evo",
                "Mautic",
                "OXID",
                "Plentymarkets",
                "RadPHP",
                "SMF",
                "Thelia",
                "WolfCMS",
                "agl",
                "aimeos",
                "annotatecms",
                "attogram",
                "bitrix",
                "cakephp",
                "chef",
                "cockpit",
                "codeigniter",
                "concrete5",
                "croogo",
                "dokuwiki",
                "drupal",
                "elgg",
                "expressionengine",
                "fuelphp",
                "grav",
                "installer",
                "joomla",
                "kohana",
                "laravel",
                "lithium",
                "magento",
                "mako",
                "mediawiki",
                "modulework",
                "moodle",
                "phpbb",
                "piwik",
                "ppi",
                "puppet",
                "reindex",
                "roundcube",
                "shopware",
                "silverstripe",
                "symfony",
                "typo3",
                "wordpress",
                "yawik",
                "zend",
                "zikula"
            ],
            "time": "2016-08-13T20:53:52+00:00"
        },
        {
            "name": "osqledaren/osqledaren-wordpress-angular2-frontend",
            "version": "dev-master",
            "source": {
                "type": "git",
                "url": "https://github.com/osqledaren/osqledaren-wordpress-angular2-frontend.git",
                "reference": "0c2c9ebb7282ad0c400f8fb2c30350c3213e22b2"
            },
            "dist": {
                "type": "zip",
                "url": "https://api.github.com/repos/osqledaren/osqledaren-wordpress-angular2-frontend/zipball/0c2c9ebb7282ad0c400f8fb2c30350c3213e22b2",
                "reference": "0c2c9ebb7282ad0c400f8fb2c30350c3213e22b2",
                "shasum": ""
            },
            "require": {
                "composer/installers": "~1.0"
            },
            "type": "wordpress-theme",
            "description": "Disables wordpress public frontend.",
            "support": {
                "source": "https://github.com/osqledaren/osqledaren-wordpress-angular2-frontend/tree/master",
                "issues": "https://github.com/osqledaren/osqledaren-wordpress-angular2-frontend/issues"
            },
            "time": "2017-04-23 22:57:56"
        },
        {
            "name": "tedyw/wp-api-archive",
            "version": "dev-master",
            "source": {
                "type": "git",
                "url": "https://github.com/tedyw/wp-api-archive.git",
                "reference": "e54f5ca0c201f64d2ef3ccc23d8365557161b8b8"
            },
            "dist": {
                "type": "zip",
                "url": "https://api.github.com/repos/tedyw/wp-api-archive/zipball/e54f5ca0c201f64d2ef3ccc23d8365557161b8b8",
                "reference": "e54f5ca0c201f64d2ef3ccc23d8365557161b8b8",
                "shasum": ""
            },
            "require": {
                "composer/installers": "~1.0"
            },
            "type": "wordpress-plugin",
            "description": "Lists archives in rest api",
            "support": {
                "source": "https://github.com/tedyw/wp-api-archive/tree/master",
                "issues": "https://github.com/tedyw/wp-api-archive/issues"
            },
            "time": "2017-04-23 17:52:58"
        },
        {
            "name": "tedyw/wp-api-rest-filter",
            "version": "dev-master",
            "source": {
                "type": "git",
                "url": "https://github.com/tedyw/wp-api-rest-filter.git",
                "reference": "ead5969cb6b9fa86686a456ad6881b8615322ba8"
            },
            "dist": {
                "type": "zip",
                "url": "https://api.github.com/repos/tedyw/wp-api-rest-filter/zipball/ead5969cb6b9fa86686a456ad6881b8615322ba8",
                "reference": "ead5969cb6b9fa86686a456ad6881b8615322ba8",
                "shasum": ""
            },
            "require": {
                "composer/installers": "~1.0"
            },
            "type": "wordpress-plugin",
            "description": "Restores wordpress filter argument in rest api.",
            "support": {
                "source": "https://github.com/tedyw/wp-api-rest-filter/tree/master"
            },
            "time": "2017-04-23 17:53:24"
        },
        {
            "name": "tedyw/wp-oauth2-cookie",
            "version": "dev-master",
            "source": {
                "type": "git",
                "url": "https://github.com/tedyw/wp-oauth2-cookie.git",
                "reference": "2da9783fc8bab002989466ebfa3465536de6ee6f"
            },
            "dist": {
                "type": "zip",
                "url": "https://api.github.com/repos/tedyw/wp-oauth2-cookie/zipball/2da9783fc8bab002989466ebfa3465536de6ee6f",
                "reference": "2da9783fc8bab002989466ebfa3465536de6ee6f",
                "shasum": ""
            },
            "require": {
                "composer/installers": "~1.0"
            },
            "type": "wordpress-plugin",
            "description": "Retrieves oauth2 access token on wordpress logon.",
            "support": {
                "source": "https://github.com/tedyw/wp-oauth2-cookie/tree/master",
                "issues": "https://github.com/tedyw/wp-oauth2-cookie/issues"
            },
            "time": "2017-04-23 21:42:24"
        },
        {
            "name": "wpackagist-plugin/acf-to-rest-api",
            "version": "2.2.1",
            "source": {
                "type": "svn",
                "url": "https://plugins.svn.wordpress.org/acf-to-rest-api/",
                "reference": "tags/2.2.1"
            },
            "dist": {
                "type": "zip",
                "url": "https://downloads.wordpress.org/plugin/acf-to-rest-api.2.2.1.zip",
                "reference": null,
                "shasum": null
            },
            "require": {
                "composer/installers": "~1.0"
            },
            "type": "wordpress-plugin",
            "homepage": "https://wordpress.org/plugins/acf-to-rest-api/"
        },
        {
            "name": "wpackagist-plugin/advanced-custom-fields",
            "version": "4.4.11",
            "source": {
                "type": "svn",
                "url": "https://plugins.svn.wordpress.org/advanced-custom-fields/",
                "reference": "tags/4.4.11"
            },
            "dist": {
                "type": "zip",
                "url": "https://downloads.wordpress.org/plugin/advanced-custom-fields.4.4.11.zip",
                "reference": null,
                "shasum": null
            },
            "require": {
                "composer/installers": "~1.0"
            },
            "type": "wordpress-plugin",
            "homepage": "https://wordpress.org/plugins/advanced-custom-fields/"
        },
        {
            "name": "wpackagist-plugin/clean-image-filenames",
            "version": "1.1.1",
            "source": {
                "type": "svn",
                "url": "https://plugins.svn.wordpress.org/clean-image-filenames/",
                "reference": "tags/1.1.1"
            },
            "dist": {
                "type": "zip",
                "url": "https://downloads.wordpress.org/plugin/clean-image-filenames.1.1.1.zip",
                "reference": null,
                "shasum": null
            },
            "require": {
                "composer/installers": "~1.0"
            },
            "type": "wordpress-plugin",
            "homepage": "https://wordpress.org/plugins/clean-image-filenames/"
        },
        {
            "name": "wpackagist-plugin/custom-post-type-ui",
            "version": "1.5.3",
            "source": {
                "type": "svn",
                "url": "https://plugins.svn.wordpress.org/custom-post-type-ui/",
                "reference": "tags/1.5.3"
            },
            "dist": {
                "type": "zip",
                "url": "https://downloads.wordpress.org/plugin/custom-post-type-ui.1.5.3.zip",
                "reference": null,
                "shasum": null
            },
            "require": {
                "composer/installers": "~1.0"
            },
            "type": "wordpress-plugin",
            "homepage": "https://wordpress.org/plugins/custom-post-type-ui/"
        },
        {
            "name": "wpackagist-plugin/oauth2-provider",
            "version": "3.2.002",
            "source": {
                "type": "svn",
                "url": "https://plugins.svn.wordpress.org/oauth2-provider/",
                "reference": "tags/3.2.002"
            },
            "dist": {
                "type": "zip",
                "url": "https://downloads.wordpress.org/plugin/oauth2-provider.3.2.002.zip",
                "reference": null,
                "shasum": null
            },
            "require": {
                "composer/installers": "~1.0"
            },
            "type": "wordpress-plugin",
            "homepage": "https://wordpress.org/plugins/oauth2-provider/"
        },
        {
            "name": "wpackagist-plugin/regenerate-thumbnails",
            "version": "2.2.6",
            "source": {
                "type": "svn",
                "url": "https://plugins.svn.wordpress.org/regenerate-thumbnails/",
                "reference": "tags/2.2.6"
            },
            "dist": {
                "type": "zip",
                "url": "https://downloads.wordpress.org/plugin/regenerate-thumbnails.2.2.6.zip",
                "reference": null,
                "shasum": null
            },
            "require": {
                "composer/installers": "~1.0"
            },
            "type": "wordpress-plugin",
            "homepage": "https://wordpress.org/plugins/regenerate-thumbnails/"
        },
        {
            "name": "wpackagist-plugin/rest-api-search",
            "version": "1.4",
            "source": {
                "type": "svn",
                "url": "https://plugins.svn.wordpress.org/rest-api-search/",
                "reference": "tags/1.4"
            },
            "dist": {
                "type": "zip",
                "url": "https://downloads.wordpress.org/plugin/rest-api-search.1.4.zip",
                "reference": null,
                "shasum": null
            },
            "require": {
                "composer/installers": "~1.0"
            },
            "type": "wordpress-plugin",
            "homepage": "https://wordpress.org/plugins/rest-api-search/"
        },
        {
            "name": "wpackagist-plugin/seriously-simple-podcasting",
            "version": "1.15.2",
            "source": {
                "type": "svn",
                "url": "https://plugins.svn.wordpress.org/seriously-simple-podcasting/",
                "reference": "tags/1.15.2"
            },
            "dist": {
                "type": "zip",
                "url": "https://downloads.wordpress.org/plugin/seriously-simple-podcasting.1.15.2.zip",
                "reference": null,
                "shasum": null
            },
            "require": {
                "composer/installers": "~1.0"
            },
            "type": "wordpress-plugin",
            "homepage": "https://wordpress.org/plugins/seriously-simple-podcasting/"
        },
        {
            "name": "wpackagist-plugin/wordpress-importer",
            "version": "0.6.3",
            "source": {
                "type": "svn",
                "url": "https://plugins.svn.wordpress.org/wordpress-importer/",
                "reference": "tags/0.6.3"
            },
            "dist": {
                "type": "zip",
                "url": "https://downloads.wordpress.org/plugin/wordpress-importer.0.6.3.zip",
                "reference": null,
                "shasum": null
            },
            "require": {
                "composer/installers": "~1.0"
            },
            "type": "wordpress-plugin",
            "homepage": "https://wordpress.org/plugins/wordpress-importer/"
        },
        {
            "name": "wpackagist-plugin/wp-rest-api-pure-taxonomies",
            "version": "1.0",
            "source": {
                "type": "svn",
                "url": "https://plugins.svn.wordpress.org/wp-rest-api-pure-taxonomies/",
                "reference": "tags/1.0"
            },
            "dist": {
                "type": "zip",
                "url": "https://downloads.wordpress.org/plugin/wp-rest-api-pure-taxonomies.1.0.zip",
                "reference": null,
                "shasum": null
            },
            "require": {
                "composer/installers": "~1.0"
            },
            "type": "wordpress-plugin",
            "homepage": "https://wordpress.org/plugins/wp-rest-api-pure-taxonomies/"
        },
        {
            "name": "wpackagist-plugin/yet-another-related-posts-plugin",
            "version": "4.4",
            "source": {
                "type": "svn",
                "url": "https://plugins.svn.wordpress.org/yet-another-related-posts-plugin/",
                "reference": "tags/4.4"
            },
            "dist": {
                "type": "zip",
                "url": "https://downloads.wordpress.org/plugin/yet-another-related-posts-plugin.4.4.zip",
                "reference": null,
                "shasum": null
            },
            "require": {
                "composer/installers": "~1.0"
            },
            "type": "wordpress-plugin",
            "homepage": "https://wordpress.org/plugins/yet-another-related-posts-plugin/"
        }
    ],
    "packages-dev": [],
    "aliases": [],
    "minimum-stability": "stable",
    "stability-flags": {
        "tedyw/wp-api-archive": 20,
        "tedyw/wp-api-rest-filter": 20,
        "tedyw/wp-oauth2-cookie": 20,
        "osqledaren/osqledaren-wordpress-angular2-frontend": 20
    },
    "prefer-stable": false,
    "prefer-lowest": false,
    "platform": {
        "php": ">=5.4"
    },
    "platform-dev": []
}
